
Microsoft Visual Studio Solution File, Format Version 12.00
# Visual Studio 15
VisualStudioVersion = 15.0.28307.106
MinimumVisualStudioVersion = 10.0.40219.1
Project("{FAE04EC0-301F-11D3-BF4B-00C04F79EFBC}") = "ZAD01", "ZAD01\ZAD01.csproj", "{ECC97DFF-983D-40AE-8735-0D64B67D61A2}"
EndProject
Project("{FAE04EC0-301F-11D3-BF4B-00C04F79EFBC}") = "ZAD02", "ZAD02\ZAD02.csproj", "{49434F04-6C88-4131-8790-4D6084FD2D62}"
EndProject
Project("{FAE04EC0-301F-11D3-BF4B-00C04F79EFBC}") = "ZAD03", "ZAD03\ZAD03.csproj", "{A892551A-2584-4BA1-AA51-AE30CF361F3D}"
EndProject
Global
	GlobalSection(SolutionConfigurationPlatforms) = preSolution
		Debug|Any CPU = Debug|Any CPU
		Release|Any CPU = Release|Any CPU
	EndGlobalSection
	GlobalSection(ProjectConfigurationPlatforms) = postSolution
		{ECC97DFF-983D-40AE-8735-0D64B67D61A2}.Debug|Any CPU.ActiveCfg = Debug|Any CPU
		{ECC97DFF-983D-40AE-8735-0D64B67D61A2}.Debug|Any CPU.Build.0 = Debug|Any CPU
		{ECC97DFF-983D-40AE-8735-0D64B67D61A2}.Release|Any CPU.ActiveCfg = Release|Any CPU
		{ECC97DFF-983D-40AE-8735-0D64B67D61A2}.Release|Any CPU.Build.0 = Release|Any CPU
		{49434F04-6C88-4131-8790-4D6084FD2D62}.Debug|Any CPU.ActiveCfg = Debug|Any CPU
		{49434F04-6C88-4131-8790-4D6084FD2D62}.Debug|Any CPU.Build.0 = Debug|Any CPU
		{49434F04-6C88-4131-8790-4D6084FD2D62}.Release|Any CPU.ActiveCfg = Release|Any CPU
		{49434F04-6C88-4131-8790-4D6084FD2D62}.Release|Any CPU.Build.0 = Release|Any CPU
		{A892551A-2584-4BA1-AA51-AE30CF361F3D}.Debug|Any CPU.ActiveCfg = Debug|Any CPU
		{A892551A-2584-4BA1-AA51-AE30CF361F3D}.Debug|Any CPU.Build.0 = Debug|Any CPU
		{A892551A-2584-4BA1-AA51-AE30CF361F3D}.Release|Any CPU.ActiveCfg = Release|Any CPU
		{A892551A-2584-4BA1-AA51-AE30CF361F3D}.Release|Any CPU.Build.0 = Release|Any CPU
	EndGlobalSection
	GlobalSection(SolutionProperties) = preSolution
		HideSolutionNode = FALSE
	EndGlobalSection
	GlobalSection(ExtensibilityGlobals) = postSolution
		SolutionGuid = {D5488919-6768-46D3-B8F7-777308E34693}
	EndGlobalSection
EndGlobal
